
Microsoft Visual Studio Solution File, Format Version 12.00
# Visual Studio Version 17
VisualStudioVersion = 17.14.36623.8 d17.14
MinimumVisualStudioVersion = 10.0.40219.1
Project("{FAE04EC0-301F-11D3-BF4B-00C04F79EFBC}") = "Lesson3", "Lesson3.csproj", "{FDD80952-D694-4F25-AD27-ACB89BDE038F}"
EndProject
Global
	GlobalSection(SolutionConfigurationPlatforms) = preSolution
		Debug|Any CPU = Debug|Any CPU
		Release|Any CPU = Release|Any CPU
	EndGlobalSection
	GlobalSection(ProjectConfigurationPlatforms) = postSolution
		{FDD80952-D694-4F25-AD27-ACB89BDE038F}.Debug|Any CPU.ActiveCfg = Debug|Any CPU
		{FDD80952-D694-4F25-AD27-ACB89BDE038F}.Debug|Any CPU.Build.0 = Debug|Any CPU
		{FDD80952-D694-4F25-AD27-ACB89BDE038F}.Release|Any CPU.ActiveCfg = Release|Any CPU
		{FDD80952-D694-4F25-AD27-ACB89BDE038F}.Release|Any CPU.Build.0 = Release|Any CPU
	EndGlobalSection
	GlobalSection(SolutionProperties) = preSolution
		HideSolutionNode = FALSE
	EndGlobalSection
	GlobalSection(ExtensibilityGlobals) = postSolution
		SolutionGuid = {0FB20F67-4745-49FD-8465-23046354AC91}
	EndGlobalSection
EndGlobal
