
Microsoft Visual Studio Solution File, Format Version 12.00
# Visual Studio Version 17
VisualStudioVersion = 17.14.36623.8 d17.14
MinimumVisualStudioVersion = 10.0.40219.1
Project("{FAE04EC0-301F-11D3-BF4B-00C04F79EFBC}") = "Lesson4", "Lesson4.csproj", "{59F8E6E5-2CD6-4FB0-AD52-5942D98E27E7}"
EndProject
Global
	GlobalSection(SolutionConfigurationPlatforms) = preSolution
		Debug|Any CPU = Debug|Any CPU
		Release|Any CPU = Release|Any CPU
	EndGlobalSection
	GlobalSection(ProjectConfigurationPlatforms) = postSolution
		{59F8E6E5-2CD6-4FB0-AD52-5942D98E27E7}.Debug|Any CPU.ActiveCfg = Debug|Any CPU
		{59F8E6E5-2CD6-4FB0-AD52-5942D98E27E7}.Debug|Any CPU.Build.0 = Debug|Any CPU
		{59F8E6E5-2CD6-4FB0-AD52-5942D98E27E7}.Release|Any CPU.ActiveCfg = Release|Any CPU
		{59F8E6E5-2CD6-4FB0-AD52-5942D98E27E7}.Release|Any CPU.Build.0 = Release|Any CPU
	EndGlobalSection
	GlobalSection(SolutionProperties) = preSolution
		HideSolutionNode = FALSE
	EndGlobalSection
	GlobalSection(ExtensibilityGlobals) = postSolution
		SolutionGuid = {07BA4204-C4AD-42F5-B61F-9885EB1CB41B}
	EndGlobalSection
EndGlobal
